
Microsoft Visual Studio Solution File, Format Version 12.00
Project("{FAE04EC0-301F-11D3-BF4B-00C04F79EFBC}") = "WebApplication1", "WebApplication1.csproj", "{1E00C7D9-B58B-4D58-AD26-36C8580F92F6}"
EndProject
Project("{FAE04EC0-301F-11D3-BF4B-00C04F79EFBC}") = "HotelBookingApp.Domain", "HotelBookingApp.Domain\HotelBookingApp.Domain.csproj", "{4BC2FAD2-4253-42C4-AACB-2A48EAACB173}"
EndProject
Project("{FAE04EC0-301F-11D3-BF4B-00C04F79EFBC}") = "HotelBookingApp.Infrastructure", "HotelBookingApp.Infrastructure\HotelBookingApp.Infrastructure.csproj", "{9C9BC94B-3702-4512-96F5-BF67944AB965}"
EndProject
Project("{FAE04EC0-301F-11D3-BF4B-00C04F79EFBC}") = "HotelBookingApp.API", "HotelBookingApp.API \HotelBookingApp.API.csproj", "{D2BE0D4B-7398-4B39-9A61-98DD29C26D35}"
EndProject
Global
	GlobalSection(SolutionConfigurationPlatforms) = preSolution
		Debug|Any CPU = Debug|Any CPU
		Release|Any CPU = Release|Any CPU
	EndGlobalSection
	GlobalSection(ProjectConfigurationPlatforms) = postSolution
		{1E00C7D9-B58B-4D58-AD26-36C8580F92F6}.Debug|Any CPU.ActiveCfg = Debug|Any CPU
		{1E00C7D9-B58B-4D58-AD26-36C8580F92F6}.Debug|Any CPU.Build.0 = Debug|Any CPU
		{1E00C7D9-B58B-4D58-AD26-36C8580F92F6}.Release|Any CPU.ActiveCfg = Release|Any CPU
		{1E00C7D9-B58B-4D58-AD26-36C8580F92F6}.Release|Any CPU.Build.0 = Release|Any CPU
		{4BC2FAD2-4253-42C4-AACB-2A48EAACB173}.Debug|Any CPU.ActiveCfg = Debug|Any CPU
		{4BC2FAD2-4253-42C4-AACB-2A48EAACB173}.Debug|Any CPU.Build.0 = Debug|Any CPU
		{4BC2FAD2-4253-42C4-AACB-2A48EAACB173}.Release|Any CPU.ActiveCfg = Release|Any CPU
		{4BC2FAD2-4253-42C4-AACB-2A48EAACB173}.Release|Any CPU.Build.0 = Release|Any CPU
		{9C9BC94B-3702-4512-96F5-BF67944AB965}.Debug|Any CPU.ActiveCfg = Debug|Any CPU
		{9C9BC94B-3702-4512-96F5-BF67944AB965}.Debug|Any CPU.Build.0 = Debug|Any CPU
		{9C9BC94B-3702-4512-96F5-BF67944AB965}.Release|Any CPU.ActiveCfg = Release|Any CPU
		{9C9BC94B-3702-4512-96F5-BF67944AB965}.Release|Any CPU.Build.0 = Release|Any CPU
		{D2BE0D4B-7398-4B39-9A61-98DD29C26D35}.Debug|Any CPU.ActiveCfg = Debug|Any CPU
		{D2BE0D4B-7398-4B39-9A61-98DD29C26D35}.Debug|Any CPU.Build.0 = Debug|Any CPU
		{D2BE0D4B-7398-4B39-9A61-98DD29C26D35}.Release|Any CPU.ActiveCfg = Release|Any CPU
		{D2BE0D4B-7398-4B39-9A61-98DD29C26D35}.Release|Any CPU.Build.0 = Release|Any CPU
	EndGlobalSection
EndGlobal
